{
    "_readme": [
        "This file locks the dependencies of your project to a known state",
        "Read more about it at https://getcomposer.org/doc/01-basic-usage.md#installing-dependencies",
        "This file is @generated automatically"
    ],
    "content-hash": "dd4207e70e129cb73e161a1966993feb",
    "packages": [
        {
            "name": "czechpmdevs/libpmform",
            "version": "dev-main",
            "source": {
                "type": "git",
                "url": "https://github.com/CzechPMDevs/libpmform.git",
                "reference": "ee672e89ba01729cb5ac9e862a487bd83e3bd26e"
            },
            "dist": {
                "type": "zip",
                "url": "https://api.github.com/repos/CzechPMDevs/libpmform/zipball/ee672e89ba01729cb5ac9e862a487bd83e3bd26e",
                "reference": "ee672e89ba01729cb5ac9e862a487bd83e3bd26e",
                "shasum": ""
            },
            "require": {
                "php": "^7.4 || ^8.0"
            },
            "require-dev": {
                "phpstan/phpstan": "0.12.82",
                "pocketmine/pocketmine-mp": "3.18.0"
            },
            "default-branch": true,
            "type": "library",
            "autoload": {
                "psr-4": {
                    "": [
                        "src"
                    ]
                }
            },
            "license": [
                "Apache-2.0"
            ],
            "authors": [
                {
                    "name": "VixikHD"
                }
            ],
            "description": "Simple form library",
            "support": {
                "source": "https://github.com/CzechPMDevs/libpmform/tree/main",
                "issues": "https://github.com/CzechPMDevs/libpmform/issues"
            },
            "time": "2021-07-05T19:32:46+00:00"
        },
        {
            "name": "phpstan/phpstan",
            "version": "0.12.83",
            "source": {
                "type": "git",
                "url": "https://github.com/phpstan/phpstan.git",
                "reference": "4a967cec6efb46b500dd6d768657336a3ffe699f"
            },
            "dist": {
                "type": "zip",
                "url": "https://api.github.com/repos/phpstan/phpstan/zipball/4a967cec6efb46b500dd6d768657336a3ffe699f",
                "reference": "4a967cec6efb46b500dd6d768657336a3ffe699f",
                "shasum": "",
                "mirrors": [
                    {
                        "url": "https://mirrors.aliyun.com/composer/dists/%package%/%reference%.%type%",
                        "preferred": true
                    }
                ]
            },
            "require": {
                "php": "^7.1|^8.0"
            },
            "conflict": {
                "phpstan/phpstan-shim": "*"
            },
            "bin": [
                "phpstan",
                "phpstan.phar"
            ],
            "type": "library",
            "extra": {
                "branch-alias": {
                    "dev-master": "0.12-dev"
                }
            },
            "autoload": {
                "files": [
                    "bootstrap.php"
                ]
            },
            "notification-url": "https://packagist.org/downloads/",
            "license": [
                "MIT"
            ],
            "description": "PHPStan - PHP Static Analysis Tool",
            "support": {
                "issues": "https://github.com/phpstan/phpstan/issues",
                "source": "https://github.com/phpstan/phpstan/tree/0.12.83"
            },
            "funding": [
                {
                    "url": "https://github.com/ondrejmirtes",
                    "type": "github"
                },
                {
                    "url": "https://www.patreon.com/phpstan",
                    "type": "patreon"
                },
                {
                    "url": "https://tidelift.com/funding/github/packagist/phpstan/phpstan",
                    "type": "tidelift"
                }
            ],
            "time": "2021-04-03T15:35:45+00:00"
        }
    ],
    "packages-dev": [],
    "aliases": [],
    "minimum-stability": "dev",
    "stability-flags": {
        "czechpmdevs/libpmform": 20
    },
    "prefer-stable": false,
    "prefer-lowest": false,
    "platform": {
        "php": "^7.4 || ^8.0",
        "ext-yaml": "*",
        "ext-pthreads": "*",
        "ext-json": "*"
    },
    "platform-dev": [],
    "plugin-api-version": "2.0.0"
}
